{
  "name": "wwwroot",
  "lockfileVersion": 2,
  "requires": true,
  "packages": {
    "": {
      "dependencies": {
        "dynamsoft-document-viewer": "^1.0.0"
      }
    },
    "node_modules/dynamsoft-document-viewer": {
      "version": "1.0.0",
      "resolved": "https://registry.npmjs.org/dynamsoft-document-viewer/-/dynamsoft-document-viewer-1.0.0.tgz",
      "integrity": "sha512-04X5phW9mB/UVcAZdI3PIafPv2ODXSIbVexsp5WGQAxnMqaKkm1XtFCwE/GZgHepJzVKsyj9hq2DfK0DpP/8wg=="
    }
  },
  "dependencies": {
    "dynamsoft-document-viewer": {
      "version": "1.0.0",
      "resolved": "https://registry.npmjs.org/dynamsoft-document-viewer/-/dynamsoft-document-viewer-1.0.0.tgz",
      "integrity": "sha512-04X5phW9mB/UVcAZdI3PIafPv2ODXSIbVexsp5WGQAxnMqaKkm1XtFCwE/GZgHepJzVKsyj9hq2DfK0DpP/8wg=="
    }
  }
}
